{
  "requires": true,
  "lockfileVersion": 1,
  "dependencies": {
    "vue-class-component": {
      "version": "7.2.3",
      "resolved": "https://registry.npmjs.org/vue-class-component/-/vue-class-component-7.2.3.tgz",
      "integrity": "sha512-oEqYpXKaFN+TaXU+mRLEx8dX0ah85aAJEe61mpdoUrq0Bhe/6sWhyZX1JjMQLhVsHAkncyhedhmCdDVSasUtDw=="
    },
    "vue-property-decorator": {
      "version": "8.4.0",
      "resolved": "https://registry.npmjs.org/vue-property-decorator/-/vue-property-decorator-8.4.0.tgz",
      "integrity": "sha512-0o85LJSTLZvDaB7IXfmpONfAQZ7NgScFvptFSrlFFSsScR716muJb3mMFojNnKC3Vpm7CM4PsmHNdk30uuNpag==",
      "requires": {
        "vue-class-component": "^7.1.0"
      }
    },
    "vue-range-component": {
      "version": "1.0.3",
      "resolved": "https://registry.npmjs.org/vue-range-component/-/vue-range-component-1.0.3.tgz",
      "integrity": "sha512-J/rE7KJa61XsLXREvSw0Ia+dSTaLoP5Ou7NfOy5pm/1FMgYn7E14iQj7baA8H4ZxoIuKuCfrhjWglPHtWUPGmg=="
    },
    "vue-slider-component": {
      "version": "3.1.1",
      "resolved": "https://registry.npmjs.org/vue-slider-component/-/vue-slider-component-3.1.1.tgz",
      "integrity": "sha512-5BagCDOqK7q3WRdQrT16cjfSDPp1/VxKDk0i92u1tRT03fPJKzYmkbWSeJVHuET5IB9nVWuTGUPgUo0jTzQ3QQ==",
      "requires": {
        "vue-property-decorator": "^8.0.0"
      }
    }
  }
}
