{
  "requires": true,
  "lockfileVersion": 1,
  "dependencies": {
    "tiny-cookie": {
      "version": "1.0.1",
      "resolved": "https://registry.npmjs.org/tiny-cookie/-/tiny-cookie-1.0.1.tgz",
      "integrity": "sha1-dTeGB5xkKjw9CyrMrWAPjeEZrCo="
    },
    "vue-cookie": {
      "version": "1.1.4",
      "resolved": "https://registry.npmjs.org/vue-cookie/-/vue-cookie-1.1.4.tgz",
      "integrity": "sha1-uLRtESvan5Oi9HAXwu1SgtIGT9o=",
      "requires": {
        "tiny-cookie": "^1.0"
      }
    }
  }
}
